// !$*UTF8*$!
{
	archiveVersion = 1;
	classes = {
	};
	objectVersion = 46;
	objects = {

/* Begin PBXBuildFile section */
		CD3BF3191D0E3C2900502891 /* AppDelegate.swift in Sources */ = {isa = PBXBuildFile; fileRef = CD3BF3181D0E3C2900502891 /* AppDelegate.swift */; };
		CD3BF31B1D0E3C2900502891 /* ViewController.swift in Sources */ = {isa = PBXBuildFile; fileRef = CD3BF31A1D0E3C2900502891 /* ViewController.swift */; };
		CD3BF31E1D0E3C2900502891 /* Main.storyboard in Resources */ = {isa = PBXBuildFile; fileRef = CD3BF31C1D0E3C2900502891 /* Main.storyboard */; };
		CD3BF3201D0E3C2900502891 /* Assets.xcassets in Resources */ = {isa = PBXBuildFile; fileRef = CD3BF31F1D0E3C2900502891 /* Assets.xcassets */; };
		CD3BF3231D0E3C2900502891 /* LaunchScreen.storyboard in Resources */ = {isa = PBXBuildFile; fileRef = CD3BF3211D0E3C2900502891 /* LaunchScreen.storyboard */; };
/* End PBXBuildFile section */

/* Begin PBXFileReference section */
		CD3BF3151D0E3C2900502891 /* GetPrefsApp.app */ = {isa = PBXFileReference; explicitFileType = wrapper.application; includeInIndex = 0; path = GetPrefsApp.app; sourceTree = BUILT_PRODUCTS_DIR; };
		CD3BF3181D0E3C2900502891 /* AppDelegate.swift */ = {isa = PBXFileReference; lastKnownFileType = sourcecode.swift; path = AppDelegate.swift; sourceTree = "<group>"; };
		CD3BF31A1D0E3C2900502891 /* ViewController.swift */ = {isa = PBXFileReference; lastKnownFileType = sourcecode.swift; path = ViewController.swift; sourceTree = "<group>"; };
		CD3BF31D1D0E3C2900502891 /* Base */ = {isa = PBXFileReference; lastKnownFileType = file.storyboard; name = Base; path = Base.lproj/Main.storyboard; sourceTree = "<group>"; };
		CD3BF31F1D0E3C2900502891 /* Assets.xcassets */ = {isa = PBXFileReference; lastKnownFileType = folder.assetcatalog; path = Assets.xcassets; sourceTree = "<group>"; };
		CD3BF3221D0E3C2900502891 /* Base */ = {isa = PBXFileReference; lastKnownFileType = file.storyboard; name = Base; path = Base.lproj/LaunchScreen.storyboard; sourceTree = "<group>"; };
		CD3BF3241D0E3C2900502891 /* Info.plist */ = {isa = PBXFileReference; lastKnownFileType = text.plist.xml; path = Info.plist; sourceTree = "<group>"; };
/* End PBXFileReference section */

/* Begin PBXFrameworksBuildPhase section */
		CD3BF3121D0E3C2800502891 /* Frameworks */ = {
			isa = PBXFrameworksBuildPhase;
			buildActionMask = 2147483647;
			files = (
			);
			runOnlyForDeploymentPostprocessing = 0;
		};
/* End PBXFrameworksBuildPhase section */

/* Begin PBXGroup section */
		CD3BF30C1D0E3C2800502891 = {
			isa = PBXGroup;
			children = (
				CD3BF3171D0E3C2900502891 /* GetPrefsApp */,
				CD3BF3161D0E3C2900502891 /* Products */,
			);
			sourceTree = "<group>";
		};
		CD3BF3161D0E3C2900502891 /* Products */ = {
			isa = PBXGroup;
			children = (
				CD3BF3151D0E3C2900502891 /* GetPrefsApp.app */,
			);
			name = Products;
			sourceTree = "<group>";
		};
		CD3BF3171D0E3C2900502891 /* GetPrefsApp */ = {
			isa = PBXGroup;
			children = (
				CD3BF3181D0E3C2900502891 /* AppDelegate.swift */,
				CD3BF31A1D0E3C2900502891 /* ViewController.swift */,
				CD3BF31C1D0E3C2900502891 /* Main.storyboard */,
				CD3BF31F1D0E3C2900502891 /* Assets.xcassets */,
				CD3BF3211D0E3C2900502891 /* LaunchScreen.storyboard */,
				CD3BF3241D0E3C2900502891 /* Info.plist */,
			);
			path = GetPrefsApp;
			sourceTree = "<group>";
		};
/* End PBXGroup section */

/* Begin PBXNativeTarget section */
		CD3BF3141D0E3C2800502891 /* GetPrefsApp */ = {
			isa = PBXNativeTarget;
			buildConfigurationList = CD3BF3271D0E3C2900502891 /* Build configuration list for PBXNativeTarget "GetPrefsApp" */;
			buildPhases = (
				CD3BF3111D0E3C2800502891 /* Sources */,
				CD3BF3121D0E3C2800502891 /* Frameworks */,
				CD3BF3131D0E3C2800502891 /* Resources */,
			);
			buildRules = (
			);
			dependencies = (
			);
			name = GetPrefsApp;
			productName = GetPrefsApp;
			productReference = CD3BF3151D0E3C2900502891 /* GetPrefsApp.app */;
			productType = "com.apple.product-type.application";
		};
/* End PBXNativeTarget section */

/* Begin PBXProject section */
		CD3BF30D1D0E3C2800502891 /* Project object */ = {
			isa = PBXProject;
			attributes = {
				LastSwiftUpdateCheck = 0730;
				LastUpgradeCheck = 0730;
				ORGANIZATIONNAME = MyCompany;
				TargetAttributes = {
					CD3BF3141D0E3C2800502891 = {
						CreatedOnToolsVersion = 7.3.1;
					};
				};
			};
			buildConfigurationList = CD3BF3101D0E3C2800502891 /* Build configuration list for PBXProject "GetPrefsApp" */;
			compatibilityVersion = "Xcode 3.2";
			developmentRegion = English;
			hasScannedForEncodings = 0;
			knownRegions = (
				en,
				Base,
			);
			mainGroup = CD3BF30C1D0E3C2800502891;
			productRefGroup = CD3BF3161D0E3C2900502891 /* Products */;
			projectDirPath = "";
			projectRoot = "";
			targets = (
				CD3BF3141D0E3C2800502891 /* GetPrefsApp */,
			);
		};
/* End PBXProject section */

/* Begin PBXResourcesBuildPhase section */
		CD3BF3131D0E3C2800502891 /* Resources */ = {
			isa = PBXResourcesBuildPhase;
			buildActionMask = 2147483647;
			files = (
				CD3BF3231D0E3C2900502891 /* LaunchScreen.storyboard in Resources */,
				CD3BF3201D0E3C2900502891 /* Assets.xcassets in Resources */,
				CD3BF31E1D0E3C2900502891 /* Main.storyboard in Resources */,
			);
			runOnlyForDeploymentPostprocessing = 0;
		};
/* End PBXResourcesBuildPhase section */

/* Begin PBXSourcesBuildPhase section */
		CD3BF3111D0E3C2800502891 /* Sources */ = {
			isa = PBXSourcesBuildPhase;
			buildActionMask = 2147483647;
			files = (
				CD3BF31B1D0E3C2900502891 /* ViewController.swift in Sources */,
				CD3BF3191D0E3C2900502891 /* AppDelegate.swift in Sources */,
			);
			runOnlyForDeploymentPostprocessing = 0;
		};
/* End PBXSourcesBuildPhase section */

/* Begin PBXVariantGroup section */
		CD3BF31C1D0E3C2900502891 /* Main.storyboard */ = {
			isa = PBXVariantGroup;
			children = (
				CD3BF31D1D0E3C2900502891 /* Base */,
			);
			name = Main.storyboard;
			sourceTree = "<group>";
		};
		CD3BF3211D0E3C2900502891 /* LaunchScreen.storyboard */ = {
			isa = PBXVariantGroup;
			children = (
				CD3BF3221D0E3C2900502891 /* Base */,
			);
			name = LaunchScreen.storyboard;
			sourceTree = "<group>";
		};
/* End PBXVariantGroup section */

/* Begin XCBuildConfiguration section */
		CD3BF3251D0E3C2900502891 /* Debug */ = {
			isa = XCBuildConfiguration;
			buildSettings = {
				ALWAYS_SEARCH_USER_PATHS = NO;
				CLANG_ANALYZER_NONNULL = YES;
				CLANG_CXX_LANGUAGE_STANDARD = "gnu++0x";
				CLANG_CXX_LIBRARY = "libc++";
				CLANG_ENABLE_MODULES = YES;
				CLANG_ENABLE_OBJC_ARC = YES;
				CLANG_WARN_BOOL_CONVERSION = YES;
				CLANG_WARN_CONSTANT_CONVERSION = YES;
				CLANG_WARN_DIRECT_OBJC_ISA_USAGE = YES_ERROR;
				CLANG_WARN_EMPTY_BODY = YES;
				CLANG_WARN_ENUM_CONVERSION = YES;
				CLANG_WARN_INT_CONVERSION = YES;
				CLANG_WARN_OBJC_ROOT_CLASS = YES_ERROR;
				CLANG_WARN_UNREACHABLE_CODE = YES;
				CLANG_WARN__DUPLICATE_METHOD_MATCH = YES;
				"CODE_SIGN_IDENTITY[sdk=iphoneos*]" = "iPhone Developer";
				COPY_PHASE_STRIP = NO;
				DEBUG_INFORMATION_FORMAT = dwarf;
				ENABLE_STRICT_OBJC_MSGSEND = YES;
				ENABLE_TESTABILITY = YES;
				GCC_C_LANGUAGE_STANDARD = gnu99;
				GCC_DYNAMIC_NO_PIC = NO;
				GCC_NO_COMMON_BLOCKS = YES;
				GCC_OPTIMIZATION_LEVEL = 0;
				GCC_PREPROCESSOR_DEFINITIONS = (
					"DEBUG=1",
					"$(inherited)",
				);
				GCC_WARN_64_TO_32_BIT_CONVERSION = YES;
				GCC_WARN_ABOUT_RETURN_TYPE = YES_ERROR;
				GCC_WARN_UNDECLARED_SELECTOR = YES;
				GCC_WARN_UNINITIALIZED_AUTOS = YES_AGGRESSIVE;
				GCC_WARN_UNUSED_FUNCTION = YES;
				GCC_WARN_UNUSED_VARIABLE = YES;
				IPHONEOS_DEPLOYMENT_TARGET = 9.3;
				MTL_ENABLE_DEBUG_INFO = YES;
				ONLY_ACTIVE_ARCH = YES;
				SDKROOT = iphoneos;
				SWIFT_OPTIMIZATION_LEVEL = "-Onone";
				TARGETED_DEVICE_FAMILY = "1,2";
			};
			name = Debug;
		};
		CD3BF3261D0E3C2900502891 /* Release */ = {
			isa = XCBuildConfiguration;
			buildSettings = {
				ALWAYS_SEARCH_USER_PATHS = NO;
				CLANG_ANALYZER_NONNULL = YES;
				CLANG_CXX_LANGUAGE_STANDARD = "gnu++0x";
				CLANG_CXX_LIBRARY = "libc++";
				CLANG_ENABLE_MODULES = YES;
				CLANG_ENABLE_OBJC_ARC = YES;
				CLANG_WARN_BOOL_CONVERSION = YES;
				CLANG_WARN_CONSTANT_CONVERSION = YES;
				CLANG_WARN_DIRECT_OBJC_ISA_USAGE = YES_ERROR;
				CLANG_WARN_EMPTY_BODY = YES;
				CLANG_WARN_ENUM_CONVERSION = YES;
				CLANG_WARN_INT_CONVERSION = YES;
				CLANG_WARN_OBJC_ROOT_CLASS = YES_ERROR;
				CLANG_WARN_UNREACHABLE_CODE = YES;
				CLANG_WARN__DUPLICATE_METHOD_MATCH = YES;
				"CODE_SIGN_IDENTITY[sdk=iphoneos*]" = "iPhone Developer";
				COPY_PHASE_STRIP = NO;
				DEBUG_INFORMATION_FORMAT = "dwarf-with-dsym";
				ENABLE_NS_ASSERTIONS = NO;
				ENABLE_STRICT_OBJC_MSGSEND = YES;
				GCC_C_LANGUAGE_STANDARD = gnu99;
				GCC_NO_COMMON_BLOCKS = YES;
				GCC_WARN_64_TO_32_BIT_CONVERSION = YES;
				GCC_WARN_ABOUT_RETURN_TYPE = YES_ERROR;
				GCC_WARN_UNDECLARED_SELECTOR = YES;
				GCC_WARN_UNINITIALIZED_AUTOS = YES_AGGRESSIVE;
				GCC_WARN_UNUSED_FUNCTION = YES;
				GCC_WARN_UNUSED_VARIABLE = YES;
				IPHONEOS_DEPLOYMENT_TARGET = 9.3;
				MTL_ENABLE_DEBUG_INFO = NO;
				SDKROOT = iphoneos;
				TARGETED_DEVICE_FAMILY = "1,2";
				VALIDATE_PRODUCT = YES;
			};
			name = Release;
		};
		CD3BF3281D0E3C2900502891 /* Debug */ = {
			isa = XCBuildConfiguration;
			buildSettings = {
				ASSETCATALOG_COMPILER_APPICON_NAME = AppIcon;
				INFOPLIST_FILE = GetPrefsApp/Info.plist;
				LD_RUNPATH_SEARCH_PATHS = "$(inherited) @executable_path/Frameworks";
				PRODUCT_BUNDLE_IDENTIFIER = advanced.example.GetPrefsApp;
				PRODUCT_NAME = "$(TARGET_NAME)";
			};
			name = Debug;
		};
		CD3BF3291D0E3C2900502891 /* Release */ = {
			isa = XCBuildConfiguration;
			buildSettings = {
				ASSETCATALOG_COMPILER_APPICON_NAME = AppIcon;
				INFOPLIST_FILE = GetPrefsApp/Info.plist;
				LD_RUNPATH_SEARCH_PATHS = "$(inherited) @executable_path/Frameworks";
				PRODUCT_BUNDLE_IDENTIFIER = advanced.example.GetPrefsApp;
				PRODUCT_NAME = "$(TARGET_NAME)";
			};
			name = Release;
		};
/* End XCBuildConfiguration section */

/* Begin XCConfigurationList section */
		CD3BF3101D0E3C2800502891 /* Build configuration list for PBXProject "GetPrefsApp" */ = {
			isa = XCConfigurationList;
			buildConfigurations = (
				CD3BF3251D0E3C2900502891 /* Debug */,
				CD3BF3261D0E3C2900502891 /* Release */,
			);
			defaultConfigurationIsVisible = 0;
			defaultConfigurationName = Release;
		};
		CD3BF3271D0E3C2900502891 /* Build configuration list for PBXNativeTarget "GetPrefsApp" */ = {
			isa = XCConfigurationList;
			buildConfigurations = (
				CD3BF3281D0E3C2900502891 /* Debug */,
				CD3BF3291D0E3C2900502891 /* Release */,
			);
			defaultConfigurationIsVisible = 0;
		};
/* End XCConfigurationList section */
	};
	rootObject = CD3BF30D1D0E3C2800502891 /* Project object */;
}
